// !$*UTF8*$!
{
	archiveVersion = 1;
	classes = {
	};
	objectVersion = 46;
	objects = {

/* Begin PBXBuildFile section */
		2518CB043E0AD49278DE699B /* libPods.a in Frameworks */ = {isa = PBXBuildFile; fileRef = 7931258A5BCCB682E11B3044 /* libPods.a */; };
		C55205C01AD53677005E9BE5 /* main.m in Sources */ = {isa = PBXBuildFile; fileRef = C55205BF1AD53677005E9BE5 /* main.m */; };
		C55205C31AD53677005E9BE5 /* AppDelegate.m in Sources */ = {isa = PBXBuildFile; fileRef = C55205C21AD53677005E9BE5 /* AppDelegate.m */; };
		C55205C61AD53677005E9BE5 /* ViewController.m in Sources */ = {isa = PBXBuildFile; fileRef = C55205C51AD53677005E9BE5 /* ViewController.m */; };
		C55205C91AD53677005E9BE5 /* Main.storyboard in Resources */ = {isa = PBXBuildFile; fileRef = C55205C71AD53677005E9BE5 /* Main.storyboard */; };
		C55205CB1AD53677005E9BE5 /* Images.xcassets in Resources */ = {isa = PBXBuildFile; fileRef = C55205CA1AD53677005E9BE5 /* Images.xcassets */; };
		C55205CE1AD53677005E9BE5 /* LaunchScreen.xib in Resources */ = {isa = PBXBuildFile; fileRef = C55205CC1AD53677005E9BE5 /* LaunchScreen.xib */; };
		C55205DA1AD53678005E9BE5 /* newSliderTestTests.m in Sources */ = {isa = PBXBuildFile; fileRef = C55205D91AD53678005E9BE5 /* newSliderTestTests.m */; };
/* End PBXBuildFile section */

/* Begin PBXContainerItemProxy section */
		C55205D41AD53678005E9BE5 /* PBXContainerItemProxy */ = {
			isa = PBXContainerItemProxy;
			containerPortal = C55205B21AD53677005E9BE5 /* Project object */;
			proxyType = 1;
			remoteGlobalIDString = C55205B91AD53677005E9BE5;
			remoteInfo = newSliderTest;
		};
/* End PBXContainerItemProxy section */

/* Begin PBXFileReference section */
		3794AB737850767525B6929D /* Pods.debug.xcconfig */ = {isa = PBXFileReference; includeInIndex = 1; lastKnownFileType = text.xcconfig; name = Pods.debug.xcconfig; path = "Pods/Target Support Files/Pods/Pods.debug.xcconfig"; sourceTree = "<group>"; };
		7931258A5BCCB682E11B3044 /* libPods.a */ = {isa = PBXFileReference; explicitFileType = archive.ar; includeInIndex = 0; path = libPods.a; sourceTree = BUILT_PRODUCTS_DIR; };
		C55205BA1AD53677005E9BE5 /* newSliderTest.app */ = {isa = PBXFileReference; explicitFileType = wrapper.application; includeInIndex = 0; path = newSliderTest.app; sourceTree = BUILT_PRODUCTS_DIR; };
		C55205BE1AD53677005E9BE5 /* Info.plist */ = {isa = PBXFileReference; lastKnownFileType = text.plist.xml; path = Info.plist; sourceTree = "<group>"; };
		C55205BF1AD53677005E9BE5 /* main.m */ = {isa = PBXFileReference; lastKnownFileType = sourcecode.c.objc; path = main.m; sourceTree = "<group>"; };
		C55205C11AD53677005E9BE5 /* AppDelegate.h */ = {isa = PBXFileReference; lastKnownFileType = sourcecode.c.h; path = AppDelegate.h; sourceTree = "<group>"; };
		C55205C21AD53677005E9BE5 /* AppDelegate.m */ = {isa = PBXFileReference; lastKnownFileType = sourcecode.c.objc; path = AppDelegate.m; sourceTree = "<group>"; };
		C55205C41AD53677005E9BE5 /* ViewController.h */ = {isa = PBXFileReference; lastKnownFileType = sourcecode.c.h; path = ViewController.h; sourceTree = "<group>"; };
		C55205C51AD53677005E9BE5 /* ViewController.m */ = {isa = PBXFileReference; lastKnownFileType = sourcecode.c.objc; path = ViewController.m; sourceTree = "<group>"; };
		C55205C81AD53677005E9BE5 /* Base */ = {isa = PBXFileReference; lastKnownFileType = file.storyboard; name = Base; path = Base.lproj/Main.storyboard; sourceTree = "<group>"; };
		C55205CA1AD53677005E9BE5 /* Images.xcassets */ = {isa = PBXFileReference; lastKnownFileType = folder.assetcatalog; path = Images.xcassets; sourceTree = "<group>"; };
		C55205CD1AD53677005E9BE5 /* Base */ = {isa = PBXFileReference; lastKnownFileType = file.xib; name = Base; path = Base.lproj/LaunchScreen.xib; sourceTree = "<group>"; };
		C55205D31AD53678005E9BE5 /* newSliderTestTests.xctest */ = {isa = PBXFileReference; explicitFileType = wrapper.cfbundle; includeInIndex = 0; path = newSliderTestTests.xctest; sourceTree = BUILT_PRODUCTS_DIR; };
		C55205D81AD53678005E9BE5 /* Info.plist */ = {isa = PBXFileReference; lastKnownFileType = text.plist.xml; path = Info.plist; sourceTree = "<group>"; };
		C55205D91AD53678005E9BE5 /* newSliderTestTests.m */ = {isa = PBXFileReference; lastKnownFileType = sourcecode.c.objc; path = newSliderTestTests.m; sourceTree = "<group>"; };
		D5CEB9F8561323301BC0A761 /* Pods.release.xcconfig */ = {isa = PBXFileReference; includeInIndex = 1; lastKnownFileType = text.xcconfig; name = Pods.release.xcconfig; path = "Pods/Target Support Files/Pods/Pods.release.xcconfig"; sourceTree = "<group>"; };
/* End PBXFileReference section */

/* Begin PBXFrameworksBuildPhase section */
		C55205B71AD53677005E9BE5 /* Frameworks */ = {
			isa = PBXFrameworksBuildPhase;
			buildActionMask = 2147483647;
			files = (
				2518CB043E0AD49278DE699B /* libPods.a in Frameworks */,
			);
			runOnlyForDeploymentPostprocessing = 0;
		};
		C55205D01AD53678005E9BE5 /* Frameworks */ = {
			isa = PBXFrameworksBuildPhase;
			buildActionMask = 2147483647;
			files = (
			);
			runOnlyForDeploymentPostprocessing = 0;
		};
/* End PBXFrameworksBuildPhase section */

/* Begin PBXGroup section */
		AFE6FA38DF46D25C074E7F0E /* Frameworks */ = {
			isa = PBXGroup;
			children = (
				7931258A5BCCB682E11B3044 /* libPods.a */,
			);
			name = Frameworks;
			sourceTree = "<group>";
		};
		C5466532FF4DF53044081A0B /* Pods */ = {
			isa = PBXGroup;
			children = (
				3794AB737850767525B6929D /* Pods.debug.xcconfig */,
				D5CEB9F8561323301BC0A761 /* Pods.release.xcconfig */,
			);
			name = Pods;
			sourceTree = "<group>";
		};
		C55205B11AD53677005E9BE5 = {
			isa = PBXGroup;
			children = (
				C55205BC1AD53677005E9BE5 /* newSliderTest */,
				C55205D61AD53678005E9BE5 /* newSliderTestTests */,
				C55205BB1AD53677005E9BE5 /* Products */,
				C5466532FF4DF53044081A0B /* Pods */,
				AFE6FA38DF46D25C074E7F0E /* Frameworks */,
			);
			sourceTree = "<group>";
		};
		C55205BB1AD53677005E9BE5 /* Products */ = {
			isa = PBXGroup;
			children = (
				C55205BA1AD53677005E9BE5 /* newSliderTest.app */,
				C55205D31AD53678005E9BE5 /* newSliderTestTests.xctest */,
			);
			name = Products;
			sourceTree = "<group>";
		};
		C55205BC1AD53677005E9BE5 /* newSliderTest */ = {
			isa = PBXGroup;
			children = (
				C55205C11AD53677005E9BE5 /* AppDelegate.h */,
				C55205C21AD53677005E9BE5 /* AppDelegate.m */,
				C55205C41AD53677005E9BE5 /* ViewController.h */,
				C55205C51AD53677005E9BE5 /* ViewController.m */,
				C55205C71AD53677005E9BE5 /* Main.storyboard */,
				C55205CA1AD53677005E9BE5 /* Images.xcassets */,
				C55205CC1AD53677005E9BE5 /* LaunchScreen.xib */,
				C55205BD1AD53677005E9BE5 /* Supporting Files */,
			);
			path = newSliderTest;
			sourceTree = "<group>";
		};
		C55205BD1AD53677005E9BE5 /* Supporting Files */ = {
			isa = PBXGroup;
			children = (
				C55205BE1AD53677005E9BE5 /* Info.plist */,
				C55205BF1AD53677005E9BE5 /* main.m */,
			);
			name = "Supporting Files";
			sourceTree = "<group>";
		};
		C55205D61AD53678005E9BE5 /* newSliderTestTests */ = {
			isa = PBXGroup;
			children = (
				C55205D91AD53678005E9BE5 /* newSliderTestTests.m */,
				C55205D71AD53678005E9BE5 /* Supporting Files */,
			);
			path = newSliderTestTests;
			sourceTree = "<group>";
		};
		C55205D71AD53678005E9BE5 /* Supporting Files */ = {
			isa = PBXGroup;
			children = (
				C55205D81AD53678005E9BE5 /* Info.plist */,
			);
			name = "Supporting Files";
			sourceTree = "<group>";
		};
/* End PBXGroup section */

/* Begin PBXNativeTarget section */
		C55205B91AD53677005E9BE5 /* newSliderTest */ = {
			isa = PBXNativeTarget;
			buildConfigurationList = C55205DD1AD53678005E9BE5 /* Build configuration list for PBXNativeTarget "newSliderTest" */;
			buildPhases = (
				F42DD95DD8FF86881E97C88B /* Check Pods Manifest.lock */,
				C55205B61AD53677005E9BE5 /* Sources */,
				C55205B71AD53677005E9BE5 /* Frameworks */,
				C55205B81AD53677005E9BE5 /* Resources */,
				574C1CE6CD48C22FAA175B3F /* Copy Pods Resources */,
			);
			buildRules = (
			);
			dependencies = (
			);
			name = newSliderTest;
			productName = newSliderTest;
			productReference = C55205BA1AD53677005E9BE5 /* newSliderTest.app */;
			productType = "com.apple.product-type.application";
		};
		C55205D21AD53678005E9BE5 /* newSliderTestTests */ = {
			isa = PBXNativeTarget;
			buildConfigurationList = C55205E01AD53678005E9BE5 /* Build configuration list for PBXNativeTarget "newSliderTestTests" */;
			buildPhases = (
				C55205CF1AD53678005E9BE5 /* Sources */,
				C55205D01AD53678005E9BE5 /* Frameworks */,
				C55205D11AD53678005E9BE5 /* Resources */,
			);
			buildRules = (
			);
			dependencies = (
				C55205D51AD53678005E9BE5 /* PBXTargetDependency */,
			);
			name = newSliderTestTests;
			productName = newSliderTestTests;
			productReference = C55205D31AD53678005E9BE5 /* newSliderTestTests.xctest */;
			productType = "com.apple.product-type.bundle.unit-test";
		};
/* End PBXNativeTarget section */

/* Begin PBXProject section */
		C55205B21AD53677005E9BE5 /* Project object */ = {
			isa = PBXProject;
			attributes = {
				LastUpgradeCheck = 0620;
				ORGANIZATIONNAME = "Sander Valstar";
				TargetAttributes = {
					C55205B91AD53677005E9BE5 = {
						CreatedOnToolsVersion = 6.2;
					};
					C55205D21AD53678005E9BE5 = {
						CreatedOnToolsVersion = 6.2;
						TestTargetID = C55205B91AD53677005E9BE5;
					};
				};
			};
			buildConfigurationList = C55205B51AD53677005E9BE5 /* Build configuration list for PBXProject "newSliderTest" */;
			compatibilityVersion = "Xcode 3.2";
			developmentRegion = English;
			hasScannedForEncodings = 0;
			knownRegions = (
				en,
				Base,
			);
			mainGroup = C55205B11AD53677005E9BE5;
			productRefGroup = C55205BB1AD53677005E9BE5 /* Products */;
			projectDirPath = "";
			projectRoot = "";
			targets = (
				C55205B91AD53677005E9BE5 /* newSliderTest */,
				C55205D21AD53678005E9BE5 /* newSliderTestTests */,
			);
		};
/* End PBXProject section */

/* Begin PBXResourcesBuildPhase section */
		C55205B81AD53677005E9BE5 /* Resources */ = {
			isa = PBXResourcesBuildPhase;
			buildActionMask = 2147483647;
			files = (
				C55205C91AD53677005E9BE5 /* Main.storyboard in Resources */,
				C55205CE1AD53677005E9BE5 /* LaunchScreen.xib in Resources */,
				C55205CB1AD53677005E9BE5 /* Images.xcassets in Resources */,
			);
			runOnlyForDeploymentPostprocessing = 0;
		};
		C55205D11AD53678005E9BE5 /* Resources */ = {
			isa = PBXResourcesBuildPhase;
			buildActionMask = 2147483647;
			files = (
			);
			runOnlyForDeploymentPostprocessing = 0;
		};
/* End PBXResourcesBuildPhase section */

/* Begin PBXShellScriptBuildPhase section */
		574C1CE6CD48C22FAA175B3F /* Copy Pods Resources */ = {
			isa = PBXShellScriptBuildPhase;
			buildActionMask = 2147483647;
			files = (
			);
			inputPaths = (
			);
			name = "Copy Pods Resources";
			outputPaths = (
			);
			runOnlyForDeploymentPostprocessing = 0;
			shellPath = /bin/sh;
			shellScript = "\"${SRCROOT}/Pods/Target Support Files/Pods/Pods-resources.sh\"\n";
			showEnvVarsInLog = 0;
		};
		F42DD95DD8FF86881E97C88B /* Check Pods Manifest.lock */ = {
			isa = PBXShellScriptBuildPhase;
			buildActionMask = 2147483647;
			files = (
			);
			inputPaths = (
			);
			name = "Check Pods Manifest.lock";
			outputPaths = (
			);
			runOnlyForDeploymentPostprocessing = 0;
			shellPath = /bin/sh;
			shellScript = "diff \"${PODS_ROOT}/../Podfile.lock\" \"${PODS_ROOT}/Manifest.lock\" > /dev/null\nif [[ $? != 0 ]] ; then\n    cat << EOM\nerror: The sandbox is not in sync with the Podfile.lock. Run 'pod install' or update your CocoaPods installation.\nEOM\n    exit 1\nfi\n";
			showEnvVarsInLog = 0;
		};
/* End PBXShellScriptBuildPhase section */

/* Begin PBXSourcesBuildPhase section */
		C55205B61AD53677005E9BE5 /* Sources */ = {
			isa = PBXSourcesBuildPhase;
			buildActionMask = 2147483647;
			files = (
				C55205C61AD53677005E9BE5 /* ViewController.m in Sources */,
				C55205C31AD53677005E9BE5 /* AppDelegate.m in Sources */,
				C55205C01AD53677005E9BE5 /* main.m in Sources */,
			);
			runOnlyForDeploymentPostprocessing = 0;
		};
		C55205CF1AD53678005E9BE5 /* Sources */ = {
			isa = PBXSourcesBuildPhase;
			buildActionMask = 2147483647;
			files = (
				C55205DA1AD53678005E9BE5 /* newSliderTestTests.m in Sources */,
			);
			runOnlyForDeploymentPostprocessing = 0;
		};
/* End PBXSourcesBuildPhase section */

/* Begin PBXTargetDependency section */
		C55205D51AD53678005E9BE5 /* PBXTargetDependency */ = {
			isa = PBXTargetDependency;
			target = C55205B91AD53677005E9BE5 /* newSliderTest */;
			targetProxy = C55205D41AD53678005E9BE5 /* PBXContainerItemProxy */;
		};
/* End PBXTargetDependency section */

/* Begin PBXVariantGroup section */
		C55205C71AD53677005E9BE5 /* Main.storyboard */ = {
			isa = PBXVariantGroup;
			children = (
				C55205C81AD53677005E9BE5 /* Base */,
			);
			name = Main.storyboard;
			sourceTree = "<group>";
		};
		C55205CC1AD53677005E9BE5 /* LaunchScreen.xib */ = {
			isa = PBXVariantGroup;
			children = (
				C55205CD1AD53677005E9BE5 /* Base */,
			);
			name = LaunchScreen.xib;
			sourceTree = "<group>";
		};
/* End PBXVariantGroup section */

/* Begin XCBuildConfiguration section */
		C55205DB1AD53678005E9BE5 /* Debug */ = {
			isa = XCBuildConfiguration;
			buildSettings = {
				ALWAYS_SEARCH_USER_PATHS = NO;
				CLANG_CXX_LANGUAGE_STANDARD = "gnu++0x";
				CLANG_CXX_LIBRARY = "libc++";
				CLANG_ENABLE_MODULES = YES;
				CLANG_ENABLE_OBJC_ARC = YES;
				CLANG_WARN_BOOL_CONVERSION = YES;
				CLANG_WARN_CONSTANT_CONVERSION = YES;
				CLANG_WARN_DIRECT_OBJC_ISA_USAGE = YES_ERROR;
				CLANG_WARN_EMPTY_BODY = YES;
				CLANG_WARN_ENUM_CONVERSION = YES;
				CLANG_WARN_INT_CONVERSION = YES;
				CLANG_WARN_OBJC_ROOT_CLASS = YES_ERROR;
				CLANG_WARN_UNREACHABLE_CODE = YES;
				CLANG_WARN__DUPLICATE_METHOD_MATCH = YES;
				"CODE_SIGN_IDENTITY[sdk=iphoneos*]" = "iPhone Developer";
				COPY_PHASE_STRIP = NO;
				ENABLE_STRICT_OBJC_MSGSEND = YES;
				GCC_C_LANGUAGE_STANDARD = gnu99;
				GCC_DYNAMIC_NO_PIC = NO;
				GCC_OPTIMIZATION_LEVEL = 0;
				GCC_PREPROCESSOR_DEFINITIONS = (
					"DEBUG=1",
					"$(inherited)",
				);
				GCC_SYMBOLS_PRIVATE_EXTERN = NO;
				GCC_WARN_64_TO_32_BIT_CONVERSION = YES;
				GCC_WARN_ABOUT_RETURN_TYPE = YES_ERROR;
				GCC_WARN_UNDECLARED_SELECTOR = YES;
				GCC_WARN_UNINITIALIZED_AUTOS = YES_AGGRESSIVE;
				GCC_WARN_UNUSED_FUNCTION = YES;
				GCC_WARN_UNUSED_VARIABLE = YES;
				IPHONEOS_DEPLOYMENT_TARGET = 8.2;
				MTL_ENABLE_DEBUG_INFO = YES;
				ONLY_ACTIVE_ARCH = YES;
				SDKROOT = iphoneos;
			};
			name = Debug;
		};
		C55205DC1AD53678005E9BE5 /* Release */ = {
			isa = XCBuildConfiguration;
			buildSettings = {
				ALWAYS_SEARCH_USER_PATHS = NO;
				CLANG_CXX_LANGUAGE_STANDARD = "gnu++0x";
				CLANG_CXX_LIBRARY = "libc++";
				CLANG_ENABLE_MODULES = YES;
				CLANG_ENABLE_OBJC_ARC = YES;
				CLANG_WARN_BOOL_CONVERSION = YES;
				CLANG_WARN_CONSTANT_CONVERSION = YES;
				CLANG_WARN_DIRECT_OBJC_ISA_USAGE = YES_ERROR;
				CLANG_WARN_EMPTY_BODY = YES;
				CLANG_WARN_ENUM_CONVERSION = YES;
				CLANG_WARN_INT_CONVERSION = YES;
				CLANG_WARN_OBJC_ROOT_CLASS = YES_ERROR;
				CLANG_WARN_UNREACHABLE_CODE = YES;
				CLANG_WARN__DUPLICATE_METHOD_MATCH = YES;
				"CODE_SIGN_IDENTITY[sdk=iphoneos*]" = "iPhone Developer";
				COPY_PHASE_STRIP = NO;
				ENABLE_NS_ASSERTIONS = NO;
				ENABLE_STRICT_OBJC_MSGSEND = YES;
				GCC_C_LANGUAGE_STANDARD = gnu99;
				GCC_WARN_64_TO_32_BIT_CONVERSION = YES;
				GCC_WARN_ABOUT_RETURN_TYPE = YES_ERROR;
				GCC_WARN_UNDECLARED_SELECTOR = YES;
				GCC_WARN_UNINITIALIZED_AUTOS = YES_AGGRESSIVE;
				GCC_WARN_UNUSED_FUNCTION = YES;
				GCC_WARN_UNUSED_VARIABLE = YES;
				IPHONEOS_DEPLOYMENT_TARGET = 8.2;
				MTL_ENABLE_DEBUG_INFO = NO;
				SDKROOT = iphoneos;
				VALIDATE_PRODUCT = YES;
			};
			name = Release;
		};
		C55205DE1AD53678005E9BE5 /* Debug */ = {
			isa = XCBuildConfiguration;
			baseConfigurationReference = 3794AB737850767525B6929D /* Pods.debug.xcconfig */;
			buildSettings = {
				ASSETCATALOG_COMPILER_APPICON_NAME = AppIcon;
				INFOPLIST_FILE = newSliderTest/Info.plist;
				IPHONEOS_DEPLOYMENT_TARGET = 8.1;
				LD_RUNPATH_SEARCH_PATHS = "$(inherited) @executable_path/Frameworks";
				PRODUCT_NAME = "$(TARGET_NAME)";
			};
			name = Debug;
		};
		C55205DF1AD53678005E9BE5 /* Release */ = {
			isa = XCBuildConfiguration;
			baseConfigurationReference = D5CEB9F8561323301BC0A761 /* Pods.release.xcconfig */;
			buildSettings = {
				ASSETCATALOG_COMPILER_APPICON_NAME = AppIcon;
				INFOPLIST_FILE = newSliderTest/Info.plist;
				IPHONEOS_DEPLOYMENT_TARGET = 8.1;
				LD_RUNPATH_SEARCH_PATHS = "$(inherited) @executable_path/Frameworks";
				PRODUCT_NAME = "$(TARGET_NAME)";
			};
			name = Release;
		};
		C55205E11AD53678005E9BE5 /* Debug */ = {
			isa = XCBuildConfiguration;
			buildSettings = {
				BUNDLE_LOADER = "$(TEST_HOST)";
				FRAMEWORK_SEARCH_PATHS = (
					"$(SDKROOT)/Developer/Library/Frameworks",
					"$(inherited)",
				);
				GCC_PREPROCESSOR_DEFINITIONS = (
					"DEBUG=1",
					"$(inherited)",
				);
				INFOPLIST_FILE = newSliderTestTests/Info.plist;
				LD_RUNPATH_SEARCH_PATHS = "$(inherited) @executable_path/Frameworks @loader_path/Frameworks";
				PRODUCT_NAME = "$(TARGET_NAME)";
				TEST_HOST = "$(BUILT_PRODUCTS_DIR)/newSliderTest.app/newSliderTest";
			};
			name = Debug;
		};
		C55205E21AD53678005E9BE5 /* Release */ = {
			isa = XCBuildConfiguration;
			buildSettings = {
				BUNDLE_LOADER = "$(TEST_HOST)";
				FRAMEWORK_SEARCH_PATHS = (
					"$(SDKROOT)/Developer/Library/Frameworks",
					"$(inherited)",
				);
				INFOPLIST_FILE = newSliderTestTests/Info.plist;
				LD_RUNPATH_SEARCH_PATHS = "$(inherited) @executable_path/Frameworks @loader_path/Frameworks";
				PRODUCT_NAME = "$(TARGET_NAME)";
				TEST_HOST = "$(BUILT_PRODUCTS_DIR)/newSliderTest.app/newSliderTest";
			};
			name = Release;
		};
/* End XCBuildConfiguration section */

/* Begin XCConfigurationList section */
		C55205B51AD53677005E9BE5 /* Build configuration list for PBXProject "newSliderTest" */ = {
			isa = XCConfigurationList;
			buildConfigurations = (
				C55205DB1AD53678005E9BE5 /* Debug */,
				C55205DC1AD53678005E9BE5 /* Release */,
			);
			defaultConfigurationIsVisible = 0;
			defaultConfigurationName = Release;
		};
		C55205DD1AD53678005E9BE5 /* Build configuration list for PBXNativeTarget "newSliderTest" */ = {
			isa = XCConfigurationList;
			buildConfigurations = (
				C55205DE1AD53678005E9BE5 /* Debug */,
				C55205DF1AD53678005E9BE5 /* Release */,
			);
			defaultConfigurationIsVisible = 0;
			defaultConfigurationName = Release;
		};
		C55205E01AD53678005E9BE5 /* Build configuration list for PBXNativeTarget "newSliderTestTests" */ = {
			isa = XCConfigurationList;
			buildConfigurations = (
				C55205E11AD53678005E9BE5 /* Debug */,
				C55205E21AD53678005E9BE5 /* Release */,
			);
			defaultConfigurationIsVisible = 0;
			defaultConfigurationName = Release;
		};
/* End XCConfigurationList section */
	};
	rootObject = C55205B21AD53677005E9BE5 /* Project object */;
}
